
Microsoft Visual Studio Solution File, Format Version 12.00
# Visual Studio Version 16
VisualStudioVersion = 16.0.30717.126
MinimumVisualStudioVersion = 10.0.40219.1
Project("{9A19103F-16F7-4668-BE54-9A1E7A4F7556}") = "Crs", "Crs\Crs.csproj", "{A8642BFC-424C-496A-B165-80855DFD3DC4}"
EndProject
Global
	GlobalSection(SolutionConfigurationPlatforms) = preSolution
		Debug|Any CPU = Debug|Any CPU
		Release|Any CPU = Release|Any CPU
	EndGlobalSection
	GlobalSection(ProjectConfigurationPlatforms) = postSolution
		{A8642BFC-424C-496A-B165-80855DFD3DC4}.Debug|Any CPU.ActiveCfg = Debug|Any CPU
		{A8642BFC-424C-496A-B165-80855DFD3DC4}.Debug|Any CPU.Build.0 = Debug|Any CPU
		{A8642BFC-424C-496A-B165-80855DFD3DC4}.Release|Any CPU.ActiveCfg = Release|Any CPU
		{A8642BFC-424C-496A-B165-80855DFD3DC4}.Release|Any CPU.Build.0 = Release|Any CPU
	EndGlobalSection
	GlobalSection(SolutionProperties) = preSolution
		HideSolutionNode = FALSE
	EndGlobalSection
	GlobalSection(ExtensibilityGlobals) = postSolution
		SolutionGuid = {654C8987-665E-4633-931F-B1BD152F47E8}
	EndGlobalSection
EndGlobal
